../../../../data/1_MAC/VaryE/e-/wcs_MCA_e-__0_500_MeV.mac
../../../../data/1_MAC/VaryE/e-/wcs_MCA_e-__1_500_MeV.mac
../../../../data/1_MAC/VaryE/e-/wcs_MCA_e-__2_500_MeV.mac
../../../../data/1_MAC/VaryE/e-/wcs_MCA_e-__3_500_MeV.mac
../../../../data/1_MAC/VaryE/e-/wcs_MCA_e-__4_500_MeV.mac
../../../../data/1_MAC/VaryE/e-/wcs_MCA_e-__5_500_MeV.mac
../../../../data/1_MAC/VaryE/e-/wcs_MCA_e-__6_500_MeV.mac
../../../../data/1_MAC/VaryE/e-/wcs_MCA_e-__7_500_MeV.mac
../../../../data/1_MAC/VaryE/e-/wcs_MCA_e-__8_500_MeV.mac
../../../../data/1_MAC/VaryE/e-/wcs_MCA_e-__9_500_MeV.mac
../../../../data/1_MAC/VaryE/e-/wcs_MCA_e-__10_500_MeV.mac
../../../../data/1_MAC/VaryE/e-/wcs_MCA_e-__11_500_MeV.mac
../../../../data/1_MAC/VaryE/gamma/wcs_MCA_gamma__0_500_MeV.mac
../../../../data/1_MAC/VaryE/gamma/wcs_MCA_gamma__1_500_MeV.mac
../../../../data/1_MAC/VaryE/gamma/wcs_MCA_gamma__2_500_MeV.mac
../../../../data/1_MAC/VaryE/gamma/wcs_MCA_gamma__3_500_MeV.mac
../../../../data/1_MAC/VaryE/gamma/wcs_MCA_gamma__4_500_MeV.mac
../../../../data/1_MAC/VaryE/gamma/wcs_MCA_gamma__5_500_MeV.mac
../../../../data/1_MAC/VaryE/gamma/wcs_MCA_gamma__6_500_MeV.mac
../../../../data/1_MAC/VaryE/gamma/wcs_MCA_gamma__7_500_MeV.mac
../../../../data/1_MAC/VaryE/gamma/wcs_MCA_gamma__8_500_MeV.mac
../../../../data/1_MAC/VaryE/gamma/wcs_MCA_gamma__9_500_MeV.mac
../../../../data/1_MAC/VaryE/gamma/wcs_MCA_gamma__10_500_MeV.mac
../../../../data/1_MAC/VaryE/gamma/wcs_MCA_gamma__11_500_MeV.mac
../../../../data/1_MAC/VaryE/mu-/wcs_MCA_mu-__0_500_MeV.mac
../../../../data/1_MAC/VaryE/mu-/wcs_MCA_mu-__1_500_MeV.mac
../../../../data/1_MAC/VaryE/mu-/wcs_MCA_mu-__2_500_MeV.mac
../../../../data/1_MAC/VaryE/mu-/wcs_MCA_mu-__3_500_MeV.mac
../../../../data/1_MAC/VaryE/mu-/wcs_MCA_mu-__4_500_MeV.mac
../../../../data/1_MAC/VaryE/mu-/wcs_MCA_mu-__5_500_MeV.mac
../../../../data/1_MAC/VaryE/mu-/wcs_MCA_mu-__6_500_MeV.mac
../../../../data/1_MAC/VaryE/mu-/wcs_MCA_mu-__7_500_MeV.mac
../../../../data/1_MAC/VaryE/mu-/wcs_MCA_mu-__8_500_MeV.mac
../../../../data/1_MAC/VaryE/mu-/wcs_MCA_mu-__9_500_MeV.mac
../../../../data/1_MAC/VaryE/mu-/wcs_MCA_mu-__10_500_MeV.mac
../../../../data/1_MAC/VaryE/mu-/wcs_MCA_mu-__11_500_MeV.mac
../../../../data/2_ROOT/VaryE/e-/wcs_MCA_e-__0_500_MeV.root
../../../../data/2_ROOT/VaryE/e-/wcs_MCA_e-__1_500_MeV.root
../../../../data/2_ROOT/VaryE/e-/wcs_MCA_e-__2_500_MeV.root
../../../../data/2_ROOT/VaryE/e-/wcs_MCA_e-__3_500_MeV.root
../../../../data/2_ROOT/VaryE/e-/wcs_MCA_e-__4_500_MeV.root
../../../../data/2_ROOT/VaryE/e-/wcs_MCA_e-__5_500_MeV.root
../../../../data/2_ROOT/VaryE/e-/wcs_MCA_e-__6_500_MeV.root
../../../../data/2_ROOT/VaryE/e-/wcs_MCA_e-__7_500_MeV.root
../../../../data/2_ROOT/VaryE/e-/wcs_MCA_e-__8_500_MeV.root
../../../../data/2_ROOT/VaryE/e-/wcs_MCA_e-__9_500_MeV.root
../../../../data/2_ROOT/VaryE/e-/wcs_MCA_e-__10_500_MeV.root
../../../../data/2_ROOT/VaryE/e-/wcs_MCA_e-__11_500_MeV.root
../../../../data/2_ROOT/VaryE/gamma/wcs_MCA_gamma__0_500_MeV.root
../../../../data/2_ROOT/VaryE/gamma/wcs_MCA_gamma__1_500_MeV.root
../../../../data/2_ROOT/VaryE/gamma/wcs_MCA_gamma__2_500_MeV.root
../../../../data/2_ROOT/VaryE/gamma/wcs_MCA_gamma__3_500_MeV.root
../../../../data/2_ROOT/VaryE/gamma/wcs_MCA_gamma__4_500_MeV.root
../../../../data/2_ROOT/VaryE/gamma/wcs_MCA_gamma__5_500_MeV.root
../../../../data/2_ROOT/VaryE/gamma/wcs_MCA_gamma__6_500_MeV.root
../../../../data/2_ROOT/VaryE/gamma/wcs_MCA_gamma__7_500_MeV.root
../../../../data/2_ROOT/VaryE/gamma/wcs_MCA_gamma__8_500_MeV.root
../../../../data/2_ROOT/VaryE/gamma/wcs_MCA_gamma__9_500_MeV.root
../../../../data/2_ROOT/VaryE/gamma/wcs_MCA_gamma__10_500_MeV.root
../../../../data/2_ROOT/VaryE/gamma/wcs_MCA_gamma__11_500_MeV.root
../../../../data/2_ROOT/VaryE/mu-/wcs_MCA_mu-__0_500_MeV.root
../../../../data/2_ROOT/VaryE/mu-/wcs_MCA_mu-__1_500_MeV.root
../../../../data/2_ROOT/VaryE/mu-/wcs_MCA_mu-__2_500_MeV.root
../../../../data/2_ROOT/VaryE/mu-/wcs_MCA_mu-__3_500_MeV.root
../../../../data/2_ROOT/VaryE/mu-/wcs_MCA_mu-__4_500_MeV.root
../../../../data/2_ROOT/VaryE/mu-/wcs_MCA_mu-__5_500_MeV.root
../../../../data/2_ROOT/VaryE/mu-/wcs_MCA_mu-__6_500_MeV.root
../../../../data/2_ROOT/VaryE/mu-/wcs_MCA_mu-__7_500_MeV.root
../../../../data/2_ROOT/VaryE/mu-/wcs_MCA_mu-__8_500_MeV.root
../../../../data/2_ROOT/VaryE/mu-/wcs_MCA_mu-__9_500_MeV.root
../../../../data/2_ROOT/VaryE/mu-/wcs_MCA_mu-__10_500_MeV.root
../../../../data/2_ROOT/VaryE/mu-/wcs_MCA_mu-__11_500_MeV.root
../../../../data/3_NPZ_event_dump/VaryE/e-/wcs_MCA_e-__0_500_MeV.npz
../../../../data/3_NPZ_event_dump/VaryE/e-/wcs_MCA_e-__1_500_MeV.npz
../../../../data/3_NPZ_event_dump/VaryE/e-/wcs_MCA_e-__2_500_MeV.npz
../../../../data/3_NPZ_event_dump/VaryE/e-/wcs_MCA_e-__3_500_MeV.npz
../../../../data/3_NPZ_event_dump/VaryE/e-/wcs_MCA_e-__4_500_MeV.npz
../../../../data/3_NPZ_event_dump/VaryE/e-/wcs_MCA_e-__5_500_MeV.npz
../../../../data/3_NPZ_event_dump/VaryE/e-/wcs_MCA_e-__6_500_MeV.npz
../../../../data/3_NPZ_event_dump/VaryE/e-/wcs_MCA_e-__7_500_MeV.npz
../../../../data/3_NPZ_event_dump/VaryE/e-/wcs_MCA_e-__8_500_MeV.npz
../../../../data/3_NPZ_event_dump/VaryE/e-/wcs_MCA_e-__9_500_MeV.npz
../../../../data/3_NPZ_event_dump/VaryE/e-/wcs_MCA_e-__10_500_MeV.npz
../../../../data/3_NPZ_event_dump/VaryE/e-/wcs_MCA_e-__11_500_MeV.npz
../../../../data/3_NPZ_event_dump/VaryE/gamma/wcs_MCA_gamma__0_500_MeV.npz
../../../../data/3_NPZ_event_dump/VaryE/gamma/wcs_MCA_gamma__1_500_MeV.npz
../../../../data/3_NPZ_event_dump/VaryE/gamma/wcs_MCA_gamma__2_500_MeV.npz
../../../../data/3_NPZ_event_dump/VaryE/gamma/wcs_MCA_gamma__3_500_MeV.npz
../../../../data/3_NPZ_event_dump/VaryE/gamma/wcs_MCA_gamma__4_500_MeV.npz
../../../../data/3_NPZ_event_dump/VaryE/gamma/wcs_MCA_gamma__5_500_MeV.npz
../../../../data/3_NPZ_event_dump/VaryE/gamma/wcs_MCA_gamma__6_500_MeV.npz
../../../../data/3_NPZ_event_dump/VaryE/gamma/wcs_MCA_gamma__7_500_MeV.npz
../../../../data/3_NPZ_event_dump/VaryE/gamma/wcs_MCA_gamma__8_500_MeV.npz
../../../../data/3_NPZ_event_dump/VaryE/gamma/wcs_MCA_gamma__9_500_MeV.npz
../../../../data/3_NPZ_event_dump/VaryE/gamma/wcs_MCA_gamma__10_500_MeV.npz
../../../../data/3_NPZ_event_dump/VaryE/gamma/wcs_MCA_gamma__11_500_MeV.npz
../../../../data/3_NPZ_event_dump/VaryE/mu-/wcs_MCA_mu-__0_500_MeV.npz
../../../../data/3_NPZ_event_dump/VaryE/mu-/wcs_MCA_mu-__1_500_MeV.npz
../../../../data/3_NPZ_event_dump/VaryE/mu-/wcs_MCA_mu-__2_500_MeV.npz
../../../../data/3_NPZ_event_dump/VaryE/mu-/wcs_MCA_mu-__3_500_MeV.npz
../../../../data/3_NPZ_event_dump/VaryE/mu-/wcs_MCA_mu-__4_500_MeV.npz
../../../../data/3_NPZ_event_dump/VaryE/mu-/wcs_MCA_mu-__5_500_MeV.npz
../../../../data/3_NPZ_event_dump/VaryE/mu-/wcs_MCA_mu-__6_500_MeV.npz
../../../../data/3_NPZ_event_dump/VaryE/mu-/wcs_MCA_mu-__7_500_MeV.npz
../../../../data/3_NPZ_event_dump/VaryE/mu-/wcs_MCA_mu-__8_500_MeV.npz
../../../../data/3_NPZ_event_dump/VaryE/mu-/wcs_MCA_mu-__9_500_MeV.npz
../../../../data/3_NPZ_event_dump/VaryE/mu-/wcs_MCA_mu-__10_500_MeV.npz
../../../../data/3_NPZ_event_dump/VaryE/mu-/wcs_MCA_mu-__11_500_MeV.npz
../../../../data/3_NPZ_event_dump_barrel/VaryE/e-/wcs_MCA_e-__0_500_MeV.npz
../../../../data/3_NPZ_event_dump_barrel/VaryE/e-/wcs_MCA_e-__1_500_MeV.npz
../../../../data/3_NPZ_event_dump_barrel/VaryE/e-/wcs_MCA_e-__2_500_MeV.npz
../../../../data/3_NPZ_event_dump_barrel/VaryE/e-/wcs_MCA_e-__3_500_MeV.npz
../../../../data/3_NPZ_event_dump_barrel/VaryE/e-/wcs_MCA_e-__4_500_MeV.npz
../../../../data/3_NPZ_event_dump_barrel/VaryE/e-/wcs_MCA_e-__5_500_MeV.npz
../../../../data/3_NPZ_event_dump_barrel/VaryE/e-/wcs_MCA_e-__6_500_MeV.npz
../../../../data/3_NPZ_event_dump_barrel/VaryE/e-/wcs_MCA_e-__7_500_MeV.npz
../../../../data/3_NPZ_event_dump_barrel/VaryE/e-/wcs_MCA_e-__8_500_MeV.npz
../../../../data/3_NPZ_event_dump_barrel/VaryE/e-/wcs_MCA_e-__9_500_MeV.npz
../../../../data/3_NPZ_event_dump_barrel/VaryE/e-/wcs_MCA_e-__10_500_MeV.npz
../../../../data/3_NPZ_event_dump_barrel/VaryE/e-/wcs_MCA_e-__11_500_MeV.npz
../../../../data/3_NPZ_event_dump_barrel/VaryE/gamma/wcs_MCA_gamma__0_500_MeV.npz
../../../../data/3_NPZ_event_dump_barrel/VaryE/gamma/wcs_MCA_gamma__1_500_MeV.npz
../../../../data/3_NPZ_event_dump_barrel/VaryE/gamma/wcs_MCA_gamma__2_500_MeV.npz
../../../../data/3_NPZ_event_dump_barrel/VaryE/gamma/wcs_MCA_gamma__3_500_MeV.npz
../../../../data/3_NPZ_event_dump_barrel/VaryE/gamma/wcs_MCA_gamma__4_500_MeV.npz
../../../../data/3_NPZ_event_dump_barrel/VaryE/gamma/wcs_MCA_gamma__5_500_MeV.npz
../../../../data/3_NPZ_event_dump_barrel/VaryE/gamma/wcs_MCA_gamma__6_500_MeV.npz
../../../../data/3_NPZ_event_dump_barrel/VaryE/gamma/wcs_MCA_gamma__7_500_MeV.npz
../../../../data/3_NPZ_event_dump_barrel/VaryE/gamma/wcs_MCA_gamma__8_500_MeV.npz
../../../../data/3_NPZ_event_dump_barrel/VaryE/gamma/wcs_MCA_gamma__9_500_MeV.npz
../../../../data/3_NPZ_event_dump_barrel/VaryE/gamma/wcs_MCA_gamma__10_500_MeV.npz
../../../../data/3_NPZ_event_dump_barrel/VaryE/gamma/wcs_MCA_gamma__11_500_MeV.npz
../../../../data/3_NPZ_event_dump_barrel/VaryE/mu-/wcs_MCA_mu-__0_500_MeV.npz
../../../../data/3_NPZ_event_dump_barrel/VaryE/mu-/wcs_MCA_mu-__1_500_MeV.npz
../../../../data/3_NPZ_event_dump_barrel/VaryE/mu-/wcs_MCA_mu-__2_500_MeV.npz
../../../../data/3_NPZ_event_dump_barrel/VaryE/mu-/wcs_MCA_mu-__3_500_MeV.npz
../../../../data/3_NPZ_event_dump_barrel/VaryE/mu-/wcs_MCA_mu-__4_500_MeV.npz
../../../../data/3_NPZ_event_dump_barrel/VaryE/mu-/wcs_MCA_mu-__5_500_MeV.npz
../../../../data/3_NPZ_event_dump_barrel/VaryE/mu-/wcs_MCA_mu-__6_500_MeV.npz
../../../../data/3_NPZ_event_dump_barrel/VaryE/mu-/wcs_MCA_mu-__7_500_MeV.npz
../../../../data/3_NPZ_event_dump_barrel/VaryE/mu-/wcs_MCA_mu-__8_500_MeV.npz
../../../../data/3_NPZ_event_dump_barrel/VaryE/mu-/wcs_MCA_mu-__9_500_MeV.npz
../../../../data/3_NPZ_event_dump_barrel/VaryE/mu-/wcs_MCA_mu-__10_500_MeV.npz
../../../../data/3_NPZ_event_dump_barrel/VaryE/mu-/wcs_MCA_mu-__11_500_MeV.npz
../../../../data/4_Imagen_NPZ/VaryE/e-/IMAGES_wcs_MCA_e-__0_500_MeV.npy
../../../../data/4_Imagen_NPZ/VaryE/e-/IMAGES_wcs_MCA_e-__1_500_MeV.npy
../../../../data/4_Imagen_NPZ/VaryE/e-/IMAGES_wcs_MCA_e-__2_500_MeV.npy
../../../../data/4_Imagen_NPZ/VaryE/e-/IMAGES_wcs_MCA_e-__3_500_MeV.npy
../../../../data/4_Imagen_NPZ/VaryE/e-/IMAGES_wcs_MCA_e-__4_500_MeV.npy
../../../../data/4_Imagen_NPZ/VaryE/e-/IMAGES_wcs_MCA_e-__5_500_MeV.npy
../../../../data/4_Imagen_NPZ/VaryE/e-/IMAGES_wcs_MCA_e-__6_500_MeV.npy
../../../../data/4_Imagen_NPZ/VaryE/e-/IMAGES_wcs_MCA_e-__7_500_MeV.npy
../../../../data/4_Imagen_NPZ/VaryE/e-/IMAGES_wcs_MCA_e-__8_500_MeV.npy
../../../../data/4_Imagen_NPZ/VaryE/e-/IMAGES_wcs_MCA_e-__9_500_MeV.npy
../../../../data/4_Imagen_NPZ/VaryE/e-/IMAGES_wcs_MCA_e-__10_500_MeV.npy
../../../../data/4_Imagen_NPZ/VaryE/e-/IMAGES_wcs_MCA_e-__11_500_MeV.npy
../../../../data/4_Imagen_NPZ/VaryE/gamma/IMAGES_wcs_MCA_gamma__0_500_MeV.npy
../../../../data/4_Imagen_NPZ/VaryE/gamma/IMAGES_wcs_MCA_gamma__1_500_MeV.npy
../../../../data/4_Imagen_NPZ/VaryE/gamma/IMAGES_wcs_MCA_gamma__2_500_MeV.npy
../../../../data/4_Imagen_NPZ/VaryE/gamma/IMAGES_wcs_MCA_gamma__3_500_MeV.npy
../../../../data/4_Imagen_NPZ/VaryE/gamma/IMAGES_wcs_MCA_gamma__4_500_MeV.npy
../../../../data/4_Imagen_NPZ/VaryE/gamma/IMAGES_wcs_MCA_gamma__5_500_MeV.npy
../../../../data/4_Imagen_NPZ/VaryE/gamma/IMAGES_wcs_MCA_gamma__6_500_MeV.npy
../../../../data/4_Imagen_NPZ/VaryE/gamma/IMAGES_wcs_MCA_gamma__7_500_MeV.npy
../../../../data/4_Imagen_NPZ/VaryE/gamma/IMAGES_wcs_MCA_gamma__8_500_MeV.npy
../../../../data/4_Imagen_NPZ/VaryE/gamma/IMAGES_wcs_MCA_gamma__9_500_MeV.npy
../../../../data/4_Imagen_NPZ/VaryE/gamma/IMAGES_wcs_MCA_gamma__10_500_MeV.npy
../../../../data/4_Imagen_NPZ/VaryE/gamma/IMAGES_wcs_MCA_gamma__11_500_MeV.npy
../../../../data/4_Imagen_NPZ/VaryE/mu-/IMAGES_wcs_MCA_mu-__0_500_MeV.npy
../../../../data/4_Imagen_NPZ/VaryE/mu-/IMAGES_wcs_MCA_mu-__1_500_MeV.npy
../../../../data/4_Imagen_NPZ/VaryE/mu-/IMAGES_wcs_MCA_mu-__2_500_MeV.npy
../../../../data/4_Imagen_NPZ/VaryE/mu-/IMAGES_wcs_MCA_mu-__3_500_MeV.npy
../../../../data/4_Imagen_NPZ/VaryE/mu-/IMAGES_wcs_MCA_mu-__4_500_MeV.npy
../../../../data/4_Imagen_NPZ/VaryE/mu-/IMAGES_wcs_MCA_mu-__5_500_MeV.npy
../../../../data/4_Imagen_NPZ/VaryE/mu-/IMAGES_wcs_MCA_mu-__6_500_MeV.npy
../../../../data/4_Imagen_NPZ/VaryE/mu-/IMAGES_wcs_MCA_mu-__7_500_MeV.npy
../../../../data/4_Imagen_NPZ/VaryE/mu-/IMAGES_wcs_MCA_mu-__8_500_MeV.npy
../../../../data/4_Imagen_NPZ/VaryE/mu-/IMAGES_wcs_MCA_mu-__9_500_MeV.npy
../../../../data/4_Imagen_NPZ/VaryE/mu-/IMAGES_wcs_MCA_mu-__10_500_MeV.npy
../../../../data/4_Imagen_NPZ/VaryE/mu-/IMAGES_wcs_MCA_mu-__11_500_MeV.npy
../../../../data/1_MAC/VaryE/e-/wcs_MCA_e-__0_500_MeV.mac
../../../../data/1_MAC/VaryE/e-/wcs_MCA_e-__1_500_MeV.mac
../../../../data/1_MAC/VaryE/e-/wcs_MCA_e-__2_500_MeV.mac
../../../../data/1_MAC/VaryE/e-/wcs_MCA_e-__3_500_MeV.mac
../../../../data/1_MAC/VaryE/e-/wcs_MCA_e-__4_500_MeV.mac
../../../../data/1_MAC/VaryE/e-/wcs_MCA_e-__5_500_MeV.mac
../../../../data/1_MAC/VaryE/e-/wcs_MCA_e-__6_500_MeV.mac
../../../../data/1_MAC/VaryE/e-/wcs_MCA_e-__7_500_MeV.mac
../../../../data/1_MAC/VaryE/e-/wcs_MCA_e-__8_500_MeV.mac
../../../../data/1_MAC/VaryE/e-/wcs_MCA_e-__9_500_MeV.mac
../../../../data/1_MAC/VaryE/e-/wcs_MCA_e-__10_500_MeV.mac
../../../../data/1_MAC/VaryE/e-/wcs_MCA_e-__11_500_MeV.mac
../../../../data/1_MAC/VaryE/gamma/wcs_MCA_gamma__0_500_MeV.mac
../../../../data/1_MAC/VaryE/gamma/wcs_MCA_gamma__1_500_MeV.mac
../../../../data/1_MAC/VaryE/gamma/wcs_MCA_gamma__2_500_MeV.mac
../../../../data/1_MAC/VaryE/gamma/wcs_MCA_gamma__3_500_MeV.mac
../../../../data/1_MAC/VaryE/gamma/wcs_MCA_gamma__4_500_MeV.mac
../../../../data/1_MAC/VaryE/gamma/wcs_MCA_gamma__5_500_MeV.mac
../../../../data/1_MAC/VaryE/gamma/wcs_MCA_gamma__6_500_MeV.mac
../../../../data/1_MAC/VaryE/gamma/wcs_MCA_gamma__7_500_MeV.mac
../../../../data/1_MAC/VaryE/gamma/wcs_MCA_gamma__8_500_MeV.mac
../../../../data/1_MAC/VaryE/gamma/wcs_MCA_gamma__9_500_MeV.mac
../../../../data/1_MAC/VaryE/gamma/wcs_MCA_gamma__10_500_MeV.mac
../../../../data/1_MAC/VaryE/gamma/wcs_MCA_gamma__11_500_MeV.mac
../../../../data/1_MAC/VaryE/mu-/wcs_MCA_mu-__0_500_MeV.mac
../../../../data/1_MAC/VaryE/mu-/wcs_MCA_mu-__1_500_MeV.mac
../../../../data/1_MAC/VaryE/mu-/wcs_MCA_mu-__2_500_MeV.mac
../../../../data/1_MAC/VaryE/mu-/wcs_MCA_mu-__3_500_MeV.mac
../../../../data/1_MAC/VaryE/mu-/wcs_MCA_mu-__4_500_MeV.mac
../../../../data/1_MAC/VaryE/mu-/wcs_MCA_mu-__5_500_MeV.mac
../../../../data/1_MAC/VaryE/mu-/wcs_MCA_mu-__6_500_MeV.mac
../../../../data/1_MAC/VaryE/mu-/wcs_MCA_mu-__7_500_MeV.mac
../../../../data/1_MAC/VaryE/mu-/wcs_MCA_mu-__8_500_MeV.mac
../../../../data/1_MAC/VaryE/mu-/wcs_MCA_mu-__9_500_MeV.mac
../../../../data/1_MAC/VaryE/mu-/wcs_MCA_mu-__10_500_MeV.mac
../../../../data/1_MAC/VaryE/mu-/wcs_MCA_mu-__11_500_MeV.mac
../../../../data/2_ROOT/VaryE/e-/wcs_MCA_e-__0_500_MeV.root
../../../../data/2_ROOT/VaryE/e-/wcs_MCA_e-__1_500_MeV.root
../../../../data/2_ROOT/VaryE/e-/wcs_MCA_e-__2_500_MeV.root
../../../../data/2_ROOT/VaryE/e-/wcs_MCA_e-__3_500_MeV.root
../../../../data/2_ROOT/VaryE/e-/wcs_MCA_e-__4_500_MeV.root
../../../../data/2_ROOT/VaryE/e-/wcs_MCA_e-__5_500_MeV.root
../../../../data/2_ROOT/VaryE/e-/wcs_MCA_e-__6_500_MeV.root
../../../../data/2_ROOT/VaryE/e-/wcs_MCA_e-__7_500_MeV.root
../../../../data/2_ROOT/VaryE/e-/wcs_MCA_e-__8_500_MeV.root
../../../../data/2_ROOT/VaryE/e-/wcs_MCA_e-__9_500_MeV.root
../../../../data/2_ROOT/VaryE/e-/wcs_MCA_e-__10_500_MeV.root
../../../../data/2_ROOT/VaryE/e-/wcs_MCA_e-__11_500_MeV.root
../../../../data/2_ROOT/VaryE/gamma/wcs_MCA_gamma__0_500_MeV.root
../../../../data/2_ROOT/VaryE/gamma/wcs_MCA_gamma__1_500_MeV.root
../../../../data/2_ROOT/VaryE/gamma/wcs_MCA_gamma__2_500_MeV.root
../../../../data/2_ROOT/VaryE/gamma/wcs_MCA_gamma__3_500_MeV.root
../../../../data/2_ROOT/VaryE/gamma/wcs_MCA_gamma__4_500_MeV.root
../../../../data/2_ROOT/VaryE/gamma/wcs_MCA_gamma__5_500_MeV.root
../../../../data/2_ROOT/VaryE/gamma/wcs_MCA_gamma__6_500_MeV.root
../../../../data/2_ROOT/VaryE/gamma/wcs_MCA_gamma__7_500_MeV.root
../../../../data/2_ROOT/VaryE/gamma/wcs_MCA_gamma__8_500_MeV.root
../../../../data/2_ROOT/VaryE/gamma/wcs_MCA_gamma__9_500_MeV.root
../../../../data/2_ROOT/VaryE/gamma/wcs_MCA_gamma__10_500_MeV.root
../../../../data/2_ROOT/VaryE/gamma/wcs_MCA_gamma__11_500_MeV.root
../../../../data/2_ROOT/VaryE/mu-/wcs_MCA_mu-__0_500_MeV.root
../../../../data/2_ROOT/VaryE/mu-/wcs_MCA_mu-__1_500_MeV.root
../../../../data/2_ROOT/VaryE/mu-/wcs_MCA_mu-__2_500_MeV.root
../../../../data/2_ROOT/VaryE/mu-/wcs_MCA_mu-__3_500_MeV.root
../../../../data/2_ROOT/VaryE/mu-/wcs_MCA_mu-__4_500_MeV.root
../../../../data/2_ROOT/VaryE/mu-/wcs_MCA_mu-__5_500_MeV.root
../../../../data/2_ROOT/VaryE/mu-/wcs_MCA_mu-__6_500_MeV.root
../../../../data/2_ROOT/VaryE/mu-/wcs_MCA_mu-__7_500_MeV.root
../../../../data/2_ROOT/VaryE/mu-/wcs_MCA_mu-__8_500_MeV.root
../../../../data/2_ROOT/VaryE/mu-/wcs_MCA_mu-__9_500_MeV.root
../../../../data/2_ROOT/VaryE/mu-/wcs_MCA_mu-__10_500_MeV.root
../../../../data/2_ROOT/VaryE/mu-/wcs_MCA_mu-__11_500_MeV.root
../../../../data/2_ROOT/VaryE/e-/wcs_MCA_e-__0_500_MeV.root
../../../../data/2_ROOT/VaryE/e-/wcs_MCA_e-__1_500_MeV.root
../../../../data/2_ROOT/VaryE/e-/wcs_MCA_e-__2_500_MeV.root
../../../../data/2_ROOT/VaryE/e-/wcs_MCA_e-__3_500_MeV.root
../../../../data/2_ROOT/VaryE/e-/wcs_MCA_e-__4_500_MeV.root
../../../../data/2_ROOT/VaryE/e-/wcs_MCA_e-__5_500_MeV.root
../../../../data/2_ROOT/VaryE/e-/wcs_MCA_e-__6_500_MeV.root
../../../../data/2_ROOT/VaryE/e-/wcs_MCA_e-__7_500_MeV.root
../../../../data/2_ROOT/VaryE/e-/wcs_MCA_e-__8_500_MeV.root
../../../../data/2_ROOT/VaryE/e-/wcs_MCA_e-__9_500_MeV.root
../../../../data/2_ROOT/VaryE/e-/wcs_MCA_e-__10_500_MeV.root
../../../../data/2_ROOT/VaryE/e-/wcs_MCA_e-__11_500_MeV.root
../../../../data/2_ROOT/VaryE/gamma/wcs_MCA_gamma__0_500_MeV.root
../../../../data/2_ROOT/VaryE/gamma/wcs_MCA_gamma__1_500_MeV.root
../../../../data/2_ROOT/VaryE/gamma/wcs_MCA_gamma__2_500_MeV.root
../../../../data/2_ROOT/VaryE/gamma/wcs_MCA_gamma__3_500_MeV.root
../../../../data/2_ROOT/VaryE/gamma/wcs_MCA_gamma__4_500_MeV.root
../../../../data/2_ROOT/VaryE/gamma/wcs_MCA_gamma__5_500_MeV.root
../../../../data/2_ROOT/VaryE/gamma/wcs_MCA_gamma__6_500_MeV.root
../../../../data/2_ROOT/VaryE/gamma/wcs_MCA_gamma__7_500_MeV.root
../../../../data/2_ROOT/VaryE/gamma/wcs_MCA_gamma__8_500_MeV.root
../../../../data/2_ROOT/VaryE/gamma/wcs_MCA_gamma__9_500_MeV.root
../../../../data/2_ROOT/VaryE/gamma/wcs_MCA_gamma__10_500_MeV.root
../../../../data/2_ROOT/VaryE/gamma/wcs_MCA_gamma__11_500_MeV.root
../../../../data/2_ROOT/VaryE/mu-/wcs_MCA_mu-__0_500_MeV.root
../../../../data/2_ROOT/VaryE/mu-/wcs_MCA_mu-__1_500_MeV.root
../../../../data/2_ROOT/VaryE/mu-/wcs_MCA_mu-__2_500_MeV.root
../../../../data/2_ROOT/VaryE/mu-/wcs_MCA_mu-__3_500_MeV.root
../../../../data/2_ROOT/VaryE/mu-/wcs_MCA_mu-__4_500_MeV.root
../../../../data/2_ROOT/VaryE/mu-/wcs_MCA_mu-__5_500_MeV.root
../../../../data/2_ROOT/VaryE/mu-/wcs_MCA_mu-__6_500_MeV.root
../../../../data/2_ROOT/VaryE/mu-/wcs_MCA_mu-__7_500_MeV.root
../../../../data/2_ROOT/VaryE/mu-/wcs_MCA_mu-__8_500_MeV.root
../../../../data/2_ROOT/VaryE/mu-/wcs_MCA_mu-__9_500_MeV.root
../../../../data/2_ROOT/VaryE/mu-/wcs_MCA_mu-__10_500_MeV.root
../../../../data/2_ROOT/VaryE/mu-/wcs_MCA_mu-__11_500_MeV.root
../../../../data/3_NPZ_event_dump/VaryE/e-/wcs_MCA_e-__0_500_MeV.npz
../../../../data/3_NPZ_event_dump/VaryE/e-/wcs_MCA_e-__1_500_MeV.npz
../../../../data/3_NPZ_event_dump/VaryE/e-/wcs_MCA_e-__2_500_MeV.npz
../../../../data/3_NPZ_event_dump/VaryE/e-/wcs_MCA_e-__3_500_MeV.npz
../../../../data/3_NPZ_event_dump/VaryE/e-/wcs_MCA_e-__4_500_MeV.npz
../../../../data/3_NPZ_event_dump/VaryE/e-/wcs_MCA_e-__5_500_MeV.npz
../../../../data/3_NPZ_event_dump/VaryE/e-/wcs_MCA_e-__6_500_MeV.npz
../../../../data/3_NPZ_event_dump/VaryE/e-/wcs_MCA_e-__7_500_MeV.npz
../../../../data/3_NPZ_event_dump/VaryE/e-/wcs_MCA_e-__8_500_MeV.npz
../../../../data/3_NPZ_event_dump/VaryE/e-/wcs_MCA_e-__9_500_MeV.npz
../../../../data/3_NPZ_event_dump/VaryE/e-/wcs_MCA_e-__10_500_MeV.npz
../../../../data/3_NPZ_event_dump/VaryE/e-/wcs_MCA_e-__11_500_MeV.npz
../../../../data/3_NPZ_event_dump/VaryE/gamma/wcs_MCA_gamma__0_500_MeV.npz
../../../../data/3_NPZ_event_dump/VaryE/gamma/wcs_MCA_gamma__1_500_MeV.npz
../../../../data/3_NPZ_event_dump/VaryE/gamma/wcs_MCA_gamma__2_500_MeV.npz
../../../../data/3_NPZ_event_dump/VaryE/gamma/wcs_MCA_gamma__3_500_MeV.npz
../../../../data/3_NPZ_event_dump/VaryE/gamma/wcs_MCA_gamma__4_500_MeV.npz
../../../../data/3_NPZ_event_dump/VaryE/gamma/wcs_MCA_gamma__5_500_MeV.npz
../../../../data/3_NPZ_event_dump/VaryE/gamma/wcs_MCA_gamma__6_500_MeV.npz
../../../../data/3_NPZ_event_dump/VaryE/gamma/wcs_MCA_gamma__7_500_MeV.npz
../../../../data/3_NPZ_event_dump/VaryE/gamma/wcs_MCA_gamma__8_500_MeV.npz
../../../../data/3_NPZ_event_dump/VaryE/gamma/wcs_MCA_gamma__9_500_MeV.npz
../../../../data/3_NPZ_event_dump/VaryE/gamma/wcs_MCA_gamma__10_500_MeV.npz
../../../../data/3_NPZ_event_dump/VaryE/gamma/wcs_MCA_gamma__11_500_MeV.npz
../../../../data/3_NPZ_event_dump/VaryE/mu-/wcs_MCA_mu-__0_500_MeV.npz
../../../../data/3_NPZ_event_dump/VaryE/mu-/wcs_MCA_mu-__1_500_MeV.npz
../../../../data/3_NPZ_event_dump/VaryE/mu-/wcs_MCA_mu-__2_500_MeV.npz
../../../../data/3_NPZ_event_dump/VaryE/mu-/wcs_MCA_mu-__3_500_MeV.npz
../../../../data/3_NPZ_event_dump/VaryE/mu-/wcs_MCA_mu-__4_500_MeV.npz
../../../../data/3_NPZ_event_dump/VaryE/mu-/wcs_MCA_mu-__5_500_MeV.npz
../../../../data/3_NPZ_event_dump/VaryE/mu-/wcs_MCA_mu-__6_500_MeV.npz
../../../../data/3_NPZ_event_dump/VaryE/mu-/wcs_MCA_mu-__7_500_MeV.npz
../../../../data/3_NPZ_event_dump/VaryE/mu-/wcs_MCA_mu-__8_500_MeV.npz
../../../../data/3_NPZ_event_dump/VaryE/mu-/wcs_MCA_mu-__9_500_MeV.npz
../../../../data/3_NPZ_event_dump/VaryE/mu-/wcs_MCA_mu-__10_500_MeV.npz
../../../../data/3_NPZ_event_dump/VaryE/mu-/wcs_MCA_mu-__11_500_MeV.npz
